// !$*UTF8*$!
{
	archiveVersion = 1;
	classes = {
	};
	objectVersion = 50;
	objects = {

/* Begin PBXBuildFile section */
		DA5640DD26C2470500BC627D /* AppDelegate.swift in Sources */ = {isa = PBXBuildFile; fileRef = DA5640DC26C2470500BC627D /* AppDelegate.swift */; };
		DA5640DF26C2470500BC627D /* SceneDelegate.swift in Sources */ = {isa = PBXBuildFile; fileRef = DA5640DE26C2470500BC627D /* SceneDelegate.swift */; };
		DA5640E126C2470500BC627D /* MapsViewController.swift in Sources */ = {isa = PBXBuildFile; fileRef = DA5640E026C2470500BC627D /* MapsViewController.swift */; };
		DA5640E426C2470500BC627D /* Main.storyboard in Resources */ = {isa = PBXBuildFile; fileRef = DA5640E226C2470500BC627D /* Main.storyboard */; };
		DA5640E726C2470500BC627D /* HaritalarUygulamasi.xcdatamodeld in Sources */ = {isa = PBXBuildFile; fileRef = DA5640E526C2470500BC627D /* HaritalarUygulamasi.xcdatamodeld */; };
		DA5640E926C2470600BC627D /* Assets.xcassets in Resources */ = {isa = PBXBuildFile; fileRef = DA5640E826C2470600BC627D /* Assets.xcassets */; };
		DA5640EC26C2470600BC627D /* LaunchScreen.storyboard in Resources */ = {isa = PBXBuildFile; fileRef = DA5640EA26C2470600BC627D /* LaunchScreen.storyboard */; };
		DAB2FAE926C2AD3D0077DA16 /* ListViewController.swift in Sources */ = {isa = PBXBuildFile; fileRef = DAB2FAE826C2AD3D0077DA16 /* ListViewController.swift */; };
/* End PBXBuildFile section */

/* Begin PBXFileReference section */
		DA5640D926C2470500BC627D /* MapPinApp.app */ = {isa = PBXFileReference; explicitFileType = wrapper.application; includeInIndex = 0; path = MapPinApp.app; sourceTree = BUILT_PRODUCTS_DIR; };
		DA5640DC26C2470500BC627D /* AppDelegate.swift */ = {isa = PBXFileReference; lastKnownFileType = sourcecode.swift; path = AppDelegate.swift; sourceTree = "<group>"; };
		DA5640DE26C2470500BC627D /* SceneDelegate.swift */ = {isa = PBXFileReference; lastKnownFileType = sourcecode.swift; path = SceneDelegate.swift; sourceTree = "<group>"; };
		DA5640E026C2470500BC627D /* MapsViewController.swift */ = {isa = PBXFileReference; lastKnownFileType = sourcecode.swift; path = MapsViewController.swift; sourceTree = "<group>"; };
		DA5640E326C2470500BC627D /* Base */ = {isa = PBXFileReference; lastKnownFileType = file.storyboard; name = Base; path = Base.lproj/Main.storyboard; sourceTree = "<group>"; };
		DA5640E626C2470500BC627D /* HaritalarUygulamasi.xcdatamodel */ = {isa = PBXFileReference; lastKnownFileType = wrapper.xcdatamodel; path = HaritalarUygulamasi.xcdatamodel; sourceTree = "<group>"; };
		DA5640E826C2470600BC627D /* Assets.xcassets */ = {isa = PBXFileReference; lastKnownFileType = folder.assetcatalog; path = Assets.xcassets; sourceTree = "<group>"; };
		DA5640EB26C2470600BC627D /* Base */ = {isa = PBXFileReference; lastKnownFileType = file.storyboard; name = Base; path = Base.lproj/LaunchScreen.storyboard; sourceTree = "<group>"; };
		DA5640ED26C2470600BC627D /* Info.plist */ = {isa = PBXFileReference; lastKnownFileType = text.plist.xml; path = Info.plist; sourceTree = "<group>"; };
		DAB2FAE826C2AD3D0077DA16 /* ListViewController.swift */ = {isa = PBXFileReference; lastKnownFileType = sourcecode.swift; path = ListViewController.swift; sourceTree = "<group>"; };
/* End PBXFileReference section */

/* Begin PBXFrameworksBuildPhase section */
		DA5640D626C2470500BC627D /* Frameworks */ = {
			isa = PBXFrameworksBuildPhase;
			buildActionMask = 2147483647;
			files = (
			);
			runOnlyForDeploymentPostprocessing = 0;
		};
/* End PBXFrameworksBuildPhase section */

/* Begin PBXGroup section */
		DA5640D026C2470500BC627D = {
			isa = PBXGroup;
			children = (
				DA5640DB26C2470500BC627D /* MapPinApp */,
				DA5640DA26C2470500BC627D /* Products */,
			);
			sourceTree = "<group>";
		};
		DA5640DA26C2470500BC627D /* Products */ = {
			isa = PBXGroup;
			children = (
				DA5640D926C2470500BC627D /* MapPinApp.app */,
			);
			name = Products;
			sourceTree = "<group>";
		};
		DA5640DB26C2470500BC627D /* MapPinApp */ = {
			isa = PBXGroup;
			children = (
				DA5640DC26C2470500BC627D /* AppDelegate.swift */,
				DA5640DE26C2470500BC627D /* SceneDelegate.swift */,
				DA5640E026C2470500BC627D /* MapsViewController.swift */,
				DAB2FAE826C2AD3D0077DA16 /* ListViewController.swift */,
				DA5640E226C2470500BC627D /* Main.storyboard */,
				DA5640E826C2470600BC627D /* Assets.xcassets */,
				DA5640EA26C2470600BC627D /* LaunchScreen.storyboard */,
				DA5640ED26C2470600BC627D /* Info.plist */,
				DA5640E526C2470500BC627D /* HaritalarUygulamasi.xcdatamodeld */,
			);
			path = MapPinApp;
			sourceTree = "<group>";
		};
/* End PBXGroup section */

/* Begin PBXNativeTarget section */
		DA5640D826C2470500BC627D /* MapPinApp */ = {
			isa = PBXNativeTarget;
			buildConfigurationList = DA5640F026C2470600BC627D /* Build configuration list for PBXNativeTarget "MapPinApp" */;
			buildPhases = (
				DA5640D526C2470500BC627D /* Sources */,
				DA5640D626C2470500BC627D /* Frameworks */,
				DA5640D726C2470500BC627D /* Resources */,
			);
			buildRules = (
			);
			dependencies = (
			);
			name = MapPinApp;
			productName = HaritalarUygulamasi;
			productReference = DA5640D926C2470500BC627D /* MapPinApp.app */;
			productType = "com.apple.product-type.application";
		};
/* End PBXNativeTarget section */

/* Begin PBXProject section */
		DA5640D126C2470500BC627D /* Project object */ = {
			isa = PBXProject;
			attributes = {
				LastSwiftUpdateCheck = 1250;
				LastUpgradeCheck = 1250;
				TargetAttributes = {
					DA5640D826C2470500BC627D = {
						CreatedOnToolsVersion = 12.5.1;
					};
				};
			};
			buildConfigurationList = DA5640D426C2470500BC627D /* Build configuration list for PBXProject "MapPinApp" */;
			compatibilityVersion = "Xcode 9.3";
			developmentRegion = en;
			hasScannedForEncodings = 0;
			knownRegions = (
				en,
				Base,
			);
			mainGroup = DA5640D026C2470500BC627D;
			productRefGroup = DA5640DA26C2470500BC627D /* Products */;
			projectDirPath = "";
			projectRoot = "";
			targets = (
				DA5640D826C2470500BC627D /* MapPinApp */,
			);
		};
/* End PBXProject section */

/* Begin PBXResourcesBuildPhase section */
		DA5640D726C2470500BC627D /* Resources */ = {
			isa = PBXResourcesBuildPhase;
			buildActionMask = 2147483647;
			files = (
				DA5640EC26C2470600BC627D /* LaunchScreen.storyboard in Resources */,
				DA5640E926C2470600BC627D /* Assets.xcassets in Resources */,
				DA5640E426C2470500BC627D /* Main.storyboard in Resources */,
			);
			runOnlyForDeploymentPostprocessing = 0;
		};
/* End PBXResourcesBuildPhase section */

/* Begin PBXSourcesBuildPhase section */
		DA5640D526C2470500BC627D /* Sources */ = {
			isa = PBXSourcesBuildPhase;
			buildActionMask = 2147483647;
			files = (
				DA5640E126C2470500BC627D /* MapsViewController.swift in Sources */,
				DA5640DD26C2470500BC627D /* AppDelegate.swift in Sources */,
				DA5640E726C2470500BC627D /* HaritalarUygulamasi.xcdatamodeld in Sources */,
				DAB2FAE926C2AD3D0077DA16 /* ListViewController.swift in Sources */,
				DA5640DF26C2470500BC627D /* SceneDelegate.swift in Sources */,
			);
			runOnlyForDeploymentPostprocessing = 0;
		};
/* End PBXSourcesBuildPhase section */

/* Begin PBXVariantGroup section */
		DA5640E226C2470500BC627D /* Main.storyboard */ = {
			isa = PBXVariantGroup;
			children = (
				DA5640E326C2470500BC627D /* Base */,
			);
			name = Main.storyboard;
			sourceTree = "<group>";
		};
		DA5640EA26C2470600BC627D /* LaunchScreen.storyboard */ = {
			isa = PBXVariantGroup;
			children = (
				DA5640EB26C2470600BC627D /* Base */,
			);
			name = LaunchScreen.storyboard;
			sourceTree = "<group>";
		};
/* End PBXVariantGroup section */

/* Begin XCBuildConfiguration section */
		DA5640EE26C2470600BC627D /* Debug */ = {
			isa = XCBuildConfiguration;
			buildSettings = {
				ALWAYS_SEARCH_USER_PATHS = NO;
				CLANG_ANALYZER_NONNULL = YES;
				CLANG_ANALYZER_NUMBER_OBJECT_CONVERSION = YES_AGGRESSIVE;
				CLANG_CXX_LANGUAGE_STANDARD = "gnu++14";
				CLANG_CXX_LIBRARY = "libc++";
				CLANG_ENABLE_MODULES = YES;
				CLANG_ENABLE_OBJC_ARC = YES;
				CLANG_ENABLE_OBJC_WEAK = YES;
				CLANG_WARN_BLOCK_CAPTURE_AUTORELEASING = YES;
				CLANG_WARN_BOOL_CONVERSION = YES;
				CLANG_WARN_COMMA = YES;
				CLANG_WARN_CONSTANT_CONVERSION = YES;
				CLANG_WARN_DEPRECATED_OBJC_IMPLEMENTATIONS = YES;
				CLANG_WARN_DIRECT_OBJC_ISA_USAGE = YES_ERROR;
				CLANG_WARN_DOCUMENTATION_COMMENTS = YES;
				CLANG_WARN_EMPTY_BODY = YES;
				CLANG_WARN_ENUM_CONVERSION = YES;
				CLANG_WARN_INFINITE_RECURSION = YES;
				CLANG_WARN_INT_CONVERSION = YES;
				CLANG_WARN_NON_LITERAL_NULL_CONVERSION = YES;
				CLANG_WARN_OBJC_IMPLICIT_RETAIN_SELF = YES;
				CLANG_WARN_OBJC_LITERAL_CONVERSION = YES;
				CLANG_WARN_OBJC_ROOT_CLASS = YES_ERROR;
				CLANG_WARN_QUOTED_INCLUDE_IN_FRAMEWORK_HEADER = YES;
				CLANG_WARN_RANGE_LOOP_ANALYSIS = YES;
				CLANG_WARN_STRICT_PROTOTYPES = YES;
				CLANG_WARN_SUSPICIOUS_MOVE = YES;
				CLANG_WARN_UNGUARDED_AVAILABILITY = YES_AGGRESSIVE;
				CLANG_WARN_UNREACHABLE_CODE = YES;
				CLANG_WARN__DUPLICATE_METHOD_MATCH = YES;
				COPY_PHASE_STRIP = NO;
				DEBUG_INFORMATION_FORMAT = dwarf;
				ENABLE_STRICT_OBJC_MSGSEND = YES;
				ENABLE_TESTABILITY = YES;
				GCC_C_LANGUAGE_STANDARD = gnu11;
				GCC_DYNAMIC_NO_PIC = NO;
				GCC_NO_COMMON_BLOCKS = YES;
				GCC_OPTIMIZATION_LEVEL = 0;
				GCC_PREPROCESSOR_DEFINITIONS = (
					"DEBUG=1",
					"$(inherited)",
				);
				GCC_WARN_64_TO_32_BIT_CONVERSION = YES;
				GCC_WARN_ABOUT_RETURN_TYPE = YES_ERROR;
				GCC_WARN_UNDECLARED_SELECTOR = YES;
				GCC_WARN_UNINITIALIZED_AUTOS = YES_AGGRESSIVE;
				GCC_WARN_UNUSED_FUNCTION = YES;
				GCC_WARN_UNUSED_VARIABLE = YES;
				IPHONEOS_DEPLOYMENT_TARGET = 14.5;
				MTL_ENABLE_DEBUG_INFO = INCLUDE_SOURCE;
				MTL_FAST_MATH = YES;
				ONLY_ACTIVE_ARCH = YES;
				SDKROOT = iphoneos;
				SWIFT_ACTIVE_COMPILATION_CONDITIONS = DEBUG;
				SWIFT_OPTIMIZATION_LEVEL = "-Onone";
			};
			name = Debug;
		};
		DA5640EF26C2470600BC627D /* Release */ = {
			isa = XCBuildConfiguration;
			buildSettings = {
				ALWAYS_SEARCH_USER_PATHS = NO;
				CLANG_ANALYZER_NONNULL = YES;
				CLANG_ANALYZER_NUMBER_OBJECT_CONVERSION = YES_AGGRESSIVE;
				CLANG_CXX_LANGUAGE_STANDARD = "gnu++14";
				CLANG_CXX_LIBRARY = "libc++";
				CLANG_ENABLE_MODULES = YES;
				CLANG_ENABLE_OBJC_ARC = YES;
				CLANG_ENABLE_OBJC_WEAK = YES;
				CLANG_WARN_BLOCK_CAPTURE_AUTORELEASING = YES;
				CLANG_WARN_BOOL_CONVERSION = YES;
				CLANG_WARN_COMMA = YES;
				CLANG_WARN_CONSTANT_CONVERSION = YES;
				CLANG_WARN_DEPRECATED_OBJC_IMPLEMENTATIONS = YES;
				CLANG_WARN_DIRECT_OBJC_ISA_USAGE = YES_ERROR;
				CLANG_WARN_DOCUMENTATION_COMMENTS = YES;
				CLANG_WARN_EMPTY_BODY = YES;
				CLANG_WARN_ENUM_CONVERSION = YES;
				CLANG_WARN_INFINITE_RECURSION = YES;
				CLANG_WARN_INT_CONVERSION = YES;
				CLANG_WARN_NON_LITERAL_NULL_CONVERSION = YES;
				CLANG_WARN_OBJC_IMPLICIT_RETAIN_SELF = YES;
				CLANG_WARN_OBJC_LITERAL_CONVERSION = YES;
				CLANG_WARN_OBJC_ROOT_CLASS = YES_ERROR;
				CLANG_WARN_QUOTED_INCLUDE_IN_FRAMEWORK_HEADER = YES;
				CLANG_WARN_RANGE_LOOP_ANALYSIS = YES;
				CLANG_WARN_STRICT_PROTOTYPES = YES;
				CLANG_WARN_SUSPICIOUS_MOVE = YES;
				CLANG_WARN_UNGUARDED_AVAILABILITY = YES_AGGRESSIVE;
				CLANG_WARN_UNREACHABLE_CODE = YES;
				CLANG_WARN__DUPLICATE_METHOD_MATCH = YES;
				COPY_PHASE_STRIP = NO;
				DEBUG_INFORMATION_FORMAT = "dwarf-with-dsym";
				ENABLE_NS_ASSERTIONS = NO;
				ENABLE_STRICT_OBJC_MSGSEND = YES;
				GCC_C_LANGUAGE_STANDARD = gnu11;
				GCC_NO_COMMON_BLOCKS = YES;
				GCC_WARN_64_TO_32_BIT_CONVERSION = YES;
				GCC_WARN_ABOUT_RETURN_TYPE = YES_ERROR;
				GCC_WARN_UNDECLARED_SELECTOR = YES;
				GCC_WARN_UNINITIALIZED_AUTOS = YES_AGGRESSIVE;
				GCC_WARN_UNUSED_FUNCTION = YES;
				GCC_WARN_UNUSED_VARIABLE = YES;
				IPHONEOS_DEPLOYMENT_TARGET = 14.5;
				MTL_ENABLE_DEBUG_INFO = NO;
				MTL_FAST_MATH = YES;
				SDKROOT = iphoneos;
				SWIFT_COMPILATION_MODE = wholemodule;
				SWIFT_OPTIMIZATION_LEVEL = "-O";
				VALIDATE_PRODUCT = YES;
			};
			name = Release;
		};
		DA5640F126C2470600BC627D /* Debug */ = {
			isa = XCBuildConfiguration;
			buildSettings = {
				ASSETCATALOG_COMPILER_APPICON_NAME = AppIcon;
				ASSETCATALOG_COMPILER_GLOBAL_ACCENT_COLOR_NAME = AccentColor;
				CODE_SIGN_STYLE = Automatic;
				DEVELOPMENT_TEAM = 36PGKAW8D8;
				INFOPLIST_FILE = "$(SRCROOT)/MapPinApp/Info.plist";
				LD_RUNPATH_SEARCH_PATHS = (
					"$(inherited)",
					"@executable_path/Frameworks",
				);
				PRODUCT_BUNDLE_IDENTIFIER = com.ogulcandemirtas.HaritalarUygulamasi;
				PRODUCT_NAME = "$(TARGET_NAME)";
				SWIFT_VERSION = 5.0;
				TARGETED_DEVICE_FAMILY = "1,2";
			};
			name = Debug;
		};
		DA5640F226C2470600BC627D /* Release */ = {
			isa = XCBuildConfiguration;
			buildSettings = {
				ASSETCATALOG_COMPILER_APPICON_NAME = AppIcon;
				ASSETCATALOG_COMPILER_GLOBAL_ACCENT_COLOR_NAME = AccentColor;
				CODE_SIGN_STYLE = Automatic;
				DEVELOPMENT_TEAM = 36PGKAW8D8;
				INFOPLIST_FILE = "$(SRCROOT)/MapPinApp/Info.plist";
				LD_RUNPATH_SEARCH_PATHS = (
					"$(inherited)",
					"@executable_path/Frameworks",
				);
				PRODUCT_BUNDLE_IDENTIFIER = com.ogulcandemirtas.HaritalarUygulamasi;
				PRODUCT_NAME = "$(TARGET_NAME)";
				SWIFT_VERSION = 5.0;
				TARGETED_DEVICE_FAMILY = "1,2";
			};
			name = Release;
		};
/* End XCBuildConfiguration section */

/* Begin XCConfigurationList section */
		DA5640D426C2470500BC627D /* Build configuration list for PBXProject "MapPinApp" */ = {
			isa = XCConfigurationList;
			buildConfigurations = (
				DA5640EE26C2470600BC627D /* Debug */,
				DA5640EF26C2470600BC627D /* Release */,
			);
			defaultConfigurationIsVisible = 0;
			defaultConfigurationName = Release;
		};
		DA5640F026C2470600BC627D /* Build configuration list for PBXNativeTarget "MapPinApp" */ = {
			isa = XCConfigurationList;
			buildConfigurations = (
				DA5640F126C2470600BC627D /* Debug */,
				DA5640F226C2470600BC627D /* Release */,
			);
			defaultConfigurationIsVisible = 0;
			defaultConfigurationName = Release;
		};
/* End XCConfigurationList section */

/* Begin XCVersionGroup section */
		DA5640E526C2470500BC627D /* HaritalarUygulamasi.xcdatamodeld */ = {
			isa = XCVersionGroup;
			children = (
				DA5640E626C2470500BC627D /* HaritalarUygulamasi.xcdatamodel */,
			);
			currentVersion = DA5640E626C2470500BC627D /* HaritalarUygulamasi.xcdatamodel */;
			path = HaritalarUygulamasi.xcdatamodeld;
			sourceTree = "<group>";
			versionGroupType = wrapper.xcdatamodel;
		};
/* End XCVersionGroup section */
	};
	rootObject = DA5640D126C2470500BC627D /* Project object */;
}
